// !$*UTF8*$!
{
	archiveVersion = 1;
	classes = {
	};
	objectVersion = 56;
	objects = {

/* Begin PBXBuildFile section */
		2597641F2BF96884009D2B7E /* module7App.swift in Sources */ = {isa = PBXBuildFile; fileRef = 2597641E2BF96884009D2B7E /* module7App.swift */; };
		259764212BF96884009D2B7E /* ContentView.swift in Sources */ = {isa = PBXBuildFile; fileRef = 259764202BF96884009D2B7E /* ContentView.swift */; };
		259764232BF96884009D2B7E /* Item.swift in Sources */ = {isa = PBXBuildFile; fileRef = 259764222BF96884009D2B7E /* Item.swift */; };
		259764252BF96886009D2B7E /* Assets.xcassets in Resources */ = {isa = PBXBuildFile; fileRef = 259764242BF96886009D2B7E /* Assets.xcassets */; };
		259764292BF96886009D2B7E /* Preview Assets.xcassets in Resources */ = {isa = PBXBuildFile; fileRef = 259764282BF96886009D2B7E /* Preview Assets.xcassets */; };
		259764332BF96886009D2B7E /* module7Tests.swift in Sources */ = {isa = PBXBuildFile; fileRef = 259764322BF96886009D2B7E /* module7Tests.swift */; };
		2597643D2BF96886009D2B7E /* module7UITests.swift in Sources */ = {isa = PBXBuildFile; fileRef = 2597643C2BF96886009D2B7E /* module7UITests.swift */; };
		2597643F2BF96886009D2B7E /* module7UITestsLaunchTests.swift in Sources */ = {isa = PBXBuildFile; fileRef = 2597643E2BF96886009D2B7E /* module7UITestsLaunchTests.swift */; };
/* End PBXBuildFile section */

/* Begin PBXContainerItemProxy section */
		2597642F2BF96886009D2B7E /* PBXContainerItemProxy */ = {
			isa = PBXContainerItemProxy;
			containerPortal = 259764132BF96884009D2B7E /* Project object */;
			proxyType = 1;
			remoteGlobalIDString = 2597641A2BF96884009D2B7E;
			remoteInfo = module7;
		};
		259764392BF96886009D2B7E /* PBXContainerItemProxy */ = {
			isa = PBXContainerItemProxy;
			containerPortal = 259764132BF96884009D2B7E /* Project object */;
			proxyType = 1;
			remoteGlobalIDString = 2597641A2BF96884009D2B7E;
			remoteInfo = module7;
		};
/* End PBXContainerItemProxy section */

/* Begin PBXFileReference section */
		2597641B2BF96884009D2B7E /* module7.app */ = {isa = PBXFileReference; explicitFileType = wrapper.application; includeInIndex = 0; path = module7.app; sourceTree = BUILT_PRODUCTS_DIR; };
		2597641E2BF96884009D2B7E /* module7App.swift */ = {isa = PBXFileReference; lastKnownFileType = sourcecode.swift; path = module7App.swift; sourceTree = "<group>"; };
		259764202BF96884009D2B7E /* ContentView.swift */ = {isa = PBXFileReference; lastKnownFileType = sourcecode.swift; path = ContentView.swift; sourceTree = "<group>"; };
		259764222BF96884009D2B7E /* Item.swift */ = {isa = PBXFileReference; lastKnownFileType = sourcecode.swift; path = Item.swift; sourceTree = "<group>"; };
		259764242BF96886009D2B7E /* Assets.xcassets */ = {isa = PBXFileReference; lastKnownFileType = folder.assetcatalog; path = Assets.xcassets; sourceTree = "<group>"; };
		259764262BF96886009D2B7E /* module7.entitlements */ = {isa = PBXFileReference; lastKnownFileType = text.plist.entitlements; path = module7.entitlements; sourceTree = "<group>"; };
		259764282BF96886009D2B7E /* Preview Assets.xcassets */ = {isa = PBXFileReference; lastKnownFileType = folder.assetcatalog; path = "Preview Assets.xcassets"; sourceTree = "<group>"; };
		2597642E2BF96886009D2B7E /* module7Tests.xctest */ = {isa = PBXFileReference; explicitFileType = wrapper.cfbundle; includeInIndex = 0; path = module7Tests.xctest; sourceTree = BUILT_PRODUCTS_DIR; };
		259764322BF96886009D2B7E /* module7Tests.swift */ = {isa = PBXFileReference; lastKnownFileType = sourcecode.swift; path = module7Tests.swift; sourceTree = "<group>"; };
		259764382BF96886009D2B7E /* module7UITests.xctest */ = {isa = PBXFileReference; explicitFileType = wrapper.cfbundle; includeInIndex = 0; path = module7UITests.xctest; sourceTree = BUILT_PRODUCTS_DIR; };
		2597643C2BF96886009D2B7E /* module7UITests.swift */ = {isa = PBXFileReference; lastKnownFileType = sourcecode.swift; path = module7UITests.swift; sourceTree = "<group>"; };
		2597643E2BF96886009D2B7E /* module7UITestsLaunchTests.swift */ = {isa = PBXFileReference; lastKnownFileType = sourcecode.swift; path = module7UITestsLaunchTests.swift; sourceTree = "<group>"; };
/* End PBXFileReference section */

/* Begin PBXFrameworksBuildPhase section */
		259764182BF96884009D2B7E /* Frameworks */ = {
			isa = PBXFrameworksBuildPhase;
			buildActionMask = 2147483647;
			files = (
			);
			runOnlyForDeploymentPostprocessing = 0;
		};
		2597642B2BF96886009D2B7E /* Frameworks */ = {
			isa = PBXFrameworksBuildPhase;
			buildActionMask = 2147483647;
			files = (
			);
			runOnlyForDeploymentPostprocessing = 0;
		};
		259764352BF96886009D2B7E /* Frameworks */ = {
			isa = PBXFrameworksBuildPhase;
			buildActionMask = 2147483647;
			files = (
			);
			runOnlyForDeploymentPostprocessing = 0;
		};
/* End PBXFrameworksBuildPhase section */

/* Begin PBXGroup section */
		259764122BF96884009D2B7E = {
			isa = PBXGroup;
			children = (
				2597641D2BF96884009D2B7E /* module7 */,
				259764312BF96886009D2B7E /* module7Tests */,
				2597643B2BF96886009D2B7E /* module7UITests */,
				2597641C2BF96884009D2B7E /* Products */,
			);
			sourceTree = "<group>";
		};
		2597641C2BF96884009D2B7E /* Products */ = {
			isa = PBXGroup;
			children = (
				2597641B2BF96884009D2B7E /* module7.app */,
				2597642E2BF96886009D2B7E /* module7Tests.xctest */,
				259764382BF96886009D2B7E /* module7UITests.xctest */,
			);
			name = Products;
			sourceTree = "<group>";
		};
		2597641D2BF96884009D2B7E /* module7 */ = {
			isa = PBXGroup;
			children = (
				2597641E2BF96884009D2B7E /* module7App.swift */,
				259764202BF96884009D2B7E /* ContentView.swift */,
				259764222BF96884009D2B7E /* Item.swift */,
				259764242BF96886009D2B7E /* Assets.xcassets */,
				259764262BF96886009D2B7E /* module7.entitlements */,
				259764272BF96886009D2B7E /* Preview Content */,
			);
			path = module7;
			sourceTree = "<group>";
		};
		259764272BF96886009D2B7E /* Preview Content */ = {
			isa = PBXGroup;
			children = (
				259764282BF96886009D2B7E /* Preview Assets.xcassets */,
			);
			path = "Preview Content";
			sourceTree = "<group>";
		};
		259764312BF96886009D2B7E /* module7Tests */ = {
			isa = PBXGroup;
			children = (
				259764322BF96886009D2B7E /* module7Tests.swift */,
			);
			path = module7Tests;
			sourceTree = "<group>";
		};
		2597643B2BF96886009D2B7E /* module7UITests */ = {
			isa = PBXGroup;
			children = (
				2597643C2BF96886009D2B7E /* module7UITests.swift */,
				2597643E2BF96886009D2B7E /* module7UITestsLaunchTests.swift */,
			);
			path = module7UITests;
			sourceTree = "<group>";
		};
/* End PBXGroup section */

/* Begin PBXNativeTarget section */
		2597641A2BF96884009D2B7E /* module7 */ = {
			isa = PBXNativeTarget;
			buildConfigurationList = 259764422BF96886009D2B7E /* Build configuration list for PBXNativeTarget "module7" */;
			buildPhases = (
				259764172BF96884009D2B7E /* Sources */,
				259764182BF96884009D2B7E /* Frameworks */,
				259764192BF96884009D2B7E /* Resources */,
			);
			buildRules = (
			);
			dependencies = (
			);
			name = module7;
			productName = module7;
			productReference = 2597641B2BF96884009D2B7E /* module7.app */;
			productType = "com.apple.product-type.application";
		};
		2597642D2BF96886009D2B7E /* module7Tests */ = {
			isa = PBXNativeTarget;
			buildConfigurationList = 259764452BF96886009D2B7E /* Build configuration list for PBXNativeTarget "module7Tests" */;
			buildPhases = (
				2597642A2BF96886009D2B7E /* Sources */,
				2597642B2BF96886009D2B7E /* Frameworks */,
				2597642C2BF96886009D2B7E /* Resources */,
			);
			buildRules = (
			);
			dependencies = (
				259764302BF96886009D2B7E /* PBXTargetDependency */,
			);
			name = module7Tests;
			productName = module7Tests;
			productReference = 2597642E2BF96886009D2B7E /* module7Tests.xctest */;
			productType = "com.apple.product-type.bundle.unit-test";
		};
		259764372BF96886009D2B7E /* module7UITests */ = {
			isa = PBXNativeTarget;
			buildConfigurationList = 259764482BF96886009D2B7E /* Build configuration list for PBXNativeTarget "module7UITests" */;
			buildPhases = (
				259764342BF96886009D2B7E /* Sources */,
				259764352BF96886009D2B7E /* Frameworks */,
				259764362BF96886009D2B7E /* Resources */,
			);
			buildRules = (
			);
			dependencies = (
				2597643A2BF96886009D2B7E /* PBXTargetDependency */,
			);
			name = module7UITests;
			productName = module7UITests;
			productReference = 259764382BF96886009D2B7E /* module7UITests.xctest */;
			productType = "com.apple.product-type.bundle.ui-testing";
		};
/* End PBXNativeTarget section */

/* Begin PBXProject section */
		259764132BF96884009D2B7E /* Project object */ = {
			isa = PBXProject;
			attributes = {
				BuildIndependentTargetsInParallel = 1;
				LastSwiftUpdateCheck = 1530;
				LastUpgradeCheck = 1530;
				TargetAttributes = {
					2597641A2BF96884009D2B7E = {
						CreatedOnToolsVersion = 15.3;
					};
					2597642D2BF96886009D2B7E = {
						CreatedOnToolsVersion = 15.3;
						TestTargetID = 2597641A2BF96884009D2B7E;
					};
					259764372BF96886009D2B7E = {
						CreatedOnToolsVersion = 15.3;
						TestTargetID = 2597641A2BF96884009D2B7E;
					};
				};
			};
			buildConfigurationList = 259764162BF96884009D2B7E /* Build configuration list for PBXProject "module7" */;
			compatibilityVersion = "Xcode 14.0";
			developmentRegion = en;
			hasScannedForEncodings = 0;
			knownRegions = (
				en,
				Base,
			);
			mainGroup = 259764122BF96884009D2B7E;
			productRefGroup = 2597641C2BF96884009D2B7E /* Products */;
			projectDirPath = "";
			projectRoot = "";
			targets = (
				2597641A2BF96884009D2B7E /* module7 */,
				2597642D2BF96886009D2B7E /* module7Tests */,
				259764372BF96886009D2B7E /* module7UITests */,
			);
		};
/* End PBXProject section */

/* Begin PBXResourcesBuildPhase section */
		259764192BF96884009D2B7E /* Resources */ = {
			isa = PBXResourcesBuildPhase;
			buildActionMask = 2147483647;
			files = (
				259764292BF96886009D2B7E /* Preview Assets.xcassets in Resources */,
				259764252BF96886009D2B7E /* Assets.xcassets in Resources */,
			);
			runOnlyForDeploymentPostprocessing = 0;
		};
		2597642C2BF96886009D2B7E /* Resources */ = {
			isa = PBXResourcesBuildPhase;
			buildActionMask = 2147483647;
			files = (
			);
			runOnlyForDeploymentPostprocessing = 0;
		};
		259764362BF96886009D2B7E /* Resources */ = {
			isa = PBXResourcesBuildPhase;
			buildActionMask = 2147483647;
			files = (
			);
			runOnlyForDeploymentPostprocessing = 0;
		};
/* End PBXResourcesBuildPhase section */

/* Begin PBXSourcesBuildPhase section */
		259764172BF96884009D2B7E /* Sources */ = {
			isa = PBXSourcesBuildPhase;
			buildActionMask = 2147483647;
			files = (
				259764212BF96884009D2B7E /* ContentView.swift in Sources */,
				259764232BF96884009D2B7E /* Item.swift in Sources */,
				2597641F2BF96884009D2B7E /* module7App.swift in Sources */,
			);
			runOnlyForDeploymentPostprocessing = 0;
		};
		2597642A2BF96886009D2B7E /* Sources */ = {
			isa = PBXSourcesBuildPhase;
			buildActionMask = 2147483647;
			files = (
				259764332BF96886009D2B7E /* module7Tests.swift in Sources */,
			);
			runOnlyForDeploymentPostprocessing = 0;
		};
		259764342BF96886009D2B7E /* Sources */ = {
			isa = PBXSourcesBuildPhase;
			buildActionMask = 2147483647;
			files = (
				2597643F2BF96886009D2B7E /* module7UITestsLaunchTests.swift in Sources */,
				2597643D2BF96886009D2B7E /* module7UITests.swift in Sources */,
			);
			runOnlyForDeploymentPostprocessing = 0;
		};
/* End PBXSourcesBuildPhase section */

/* Begin PBXTargetDependency section */
		259764302BF96886009D2B7E /* PBXTargetDependency */ = {
			isa = PBXTargetDependency;
			target = 2597641A2BF96884009D2B7E /* module7 */;
			targetProxy = 2597642F2BF96886009D2B7E /* PBXContainerItemProxy */;
		};
		2597643A2BF96886009D2B7E /* PBXTargetDependency */ = {
			isa = PBXTargetDependency;
			target = 2597641A2BF96884009D2B7E /* module7 */;
			targetProxy = 259764392BF96886009D2B7E /* PBXContainerItemProxy */;
		};
/* End PBXTargetDependency section */

/* Begin XCBuildConfiguration section */
		259764402BF96886009D2B7E /* Debug */ = {
			isa = XCBuildConfiguration;
			buildSettings = {
				ALWAYS_SEARCH_USER_PATHS = NO;
				ASSETCATALOG_COMPILER_GENERATE_SWIFT_ASSET_SYMBOL_EXTENSIONS = YES;
				CLANG_ANALYZER_NONNULL = YES;
				CLANG_ANALYZER_NUMBER_OBJECT_CONVERSION = YES_AGGRESSIVE;
				CLANG_CXX_LANGUAGE_STANDARD = "gnu++20";
				CLANG_ENABLE_MODULES = YES;
				CLANG_ENABLE_OBJC_ARC = YES;
				CLANG_ENABLE_OBJC_WEAK = YES;
				CLANG_WARN_BLOCK_CAPTURE_AUTORELEASING = YES;
				CLANG_WARN_BOOL_CONVERSION = YES;
				CLANG_WARN_COMMA = YES;
				CLANG_WARN_CONSTANT_CONVERSION = YES;
				CLANG_WARN_DEPRECATED_OBJC_IMPLEMENTATIONS = YES;
				CLANG_WARN_DIRECT_OBJC_ISA_USAGE = YES_ERROR;
				CLANG_WARN_DOCUMENTATION_COMMENTS = YES;
				CLANG_WARN_EMPTY_BODY = YES;
				CLANG_WARN_ENUM_CONVERSION = YES;
				CLANG_WARN_INFINITE_RECURSION = YES;
				CLANG_WARN_INT_CONVERSION = YES;
				CLANG_WARN_NON_LITERAL_NULL_CONVERSION = YES;
				CLANG_WARN_OBJC_IMPLICIT_RETAIN_SELF = YES;
				CLANG_WARN_OBJC_LITERAL_CONVERSION = YES;
				CLANG_WARN_OBJC_ROOT_CLASS = YES_ERROR;
				CLANG_WARN_QUOTED_INCLUDE_IN_FRAMEWORK_HEADER = YES;
				CLANG_WARN_RANGE_LOOP_ANALYSIS = YES;
				CLANG_WARN_STRICT_PROTOTYPES = YES;
				CLANG_WARN_SUSPICIOUS_MOVE = YES;
				CLANG_WARN_UNGUARDED_AVAILABILITY = YES_AGGRESSIVE;
				CLANG_WARN_UNREACHABLE_CODE = YES;
				CLANG_WARN__DUPLICATE_METHOD_MATCH = YES;
				COPY_PHASE_STRIP = NO;
				DEBUG_INFORMATION_FORMAT = dwarf;
				ENABLE_STRICT_OBJC_MSGSEND = YES;
				ENABLE_TESTABILITY = YES;
				ENABLE_USER_SCRIPT_SANDBOXING = YES;
				GCC_C_LANGUAGE_STANDARD = gnu17;
				GCC_DYNAMIC_NO_PIC = NO;
				GCC_NO_COMMON_BLOCKS = YES;
				GCC_OPTIMIZATION_LEVEL = 0;
				GCC_PREPROCESSOR_DEFINITIONS = (
					"DEBUG=1",
					"$(inherited)",
				);
				GCC_WARN_64_TO_32_BIT_CONVERSION = YES;
				GCC_WARN_ABOUT_RETURN_TYPE = YES_ERROR;
				GCC_WARN_UNDECLARED_SELECTOR = YES;
				GCC_WARN_UNINITIALIZED_AUTOS = YES_AGGRESSIVE;
				GCC_WARN_UNUSED_FUNCTION = YES;
				GCC_WARN_UNUSED_VARIABLE = YES;
				LOCALIZATION_PREFERS_STRING_CATALOGS = YES;
				MTL_ENABLE_DEBUG_INFO = INCLUDE_SOURCE;
				MTL_FAST_MATH = YES;
				ONLY_ACTIVE_ARCH = YES;
				SWIFT_ACTIVE_COMPILATION_CONDITIONS = "DEBUG $(inherited)";
				SWIFT_OPTIMIZATION_LEVEL = "-Onone";
			};
			name = Debug;
		};
		259764412BF96886009D2B7E /* Release */ = {
			isa = XCBuildConfiguration;
			buildSettings = {
				ALWAYS_SEARCH_USER_PATHS = NO;
				ASSETCATALOG_COMPILER_GENERATE_SWIFT_ASSET_SYMBOL_EXTENSIONS = YES;
				CLANG_ANALYZER_NONNULL = YES;
				CLANG_ANALYZER_NUMBER_OBJECT_CONVERSION = YES_AGGRESSIVE;
				CLANG_CXX_LANGUAGE_STANDARD = "gnu++20";
				CLANG_ENABLE_MODULES = YES;
				CLANG_ENABLE_OBJC_ARC = YES;
				CLANG_ENABLE_OBJC_WEAK = YES;
				CLANG_WARN_BLOCK_CAPTURE_AUTORELEASING = YES;
				CLANG_WARN_BOOL_CONVERSION = YES;
				CLANG_WARN_COMMA = YES;
				CLANG_WARN_CONSTANT_CONVERSION = YES;
				CLANG_WARN_DEPRECATED_OBJC_IMPLEMENTATIONS = YES;
				CLANG_WARN_DIRECT_OBJC_ISA_USAGE = YES_ERROR;
				CLANG_WARN_DOCUMENTATION_COMMENTS = YES;
				CLANG_WARN_EMPTY_BODY = YES;
				CLANG_WARN_ENUM_CONVERSION = YES;
				CLANG_WARN_INFINITE_RECURSION = YES;
				CLANG_WARN_INT_CONVERSION = YES;
				CLANG_WARN_NON_LITERAL_NULL_CONVERSION = YES;
				CLANG_WARN_OBJC_IMPLICIT_RETAIN_SELF = YES;
				CLANG_WARN_OBJC_LITERAL_CONVERSION = YES;
				CLANG_WARN_OBJC_ROOT_CLASS = YES_ERROR;
				CLANG_WARN_QUOTED_INCLUDE_IN_FRAMEWORK_HEADER = YES;
				CLANG_WARN_RANGE_LOOP_ANALYSIS = YES;
				CLANG_WARN_STRICT_PROTOTYPES = YES;
				CLANG_WARN_SUSPICIOUS_MOVE = YES;
				CLANG_WARN_UNGUARDED_AVAILABILITY = YES_AGGRESSIVE;
				CLANG_WARN_UNREACHABLE_CODE = YES;
				CLANG_WARN__DUPLICATE_METHOD_MATCH = YES;
				COPY_PHASE_STRIP = NO;
				DEBUG_INFORMATION_FORMAT = "dwarf-with-dsym";
				ENABLE_NS_ASSERTIONS = NO;
				ENABLE_STRICT_OBJC_MSGSEND = YES;
				ENABLE_USER_SCRIPT_SANDBOXING = YES;
				GCC_C_LANGUAGE_STANDARD = gnu17;
				GCC_NO_COMMON_BLOCKS = YES;
				GCC_WARN_64_TO_32_BIT_CONVERSION = YES;
				GCC_WARN_ABOUT_RETURN_TYPE = YES_ERROR;
				GCC_WARN_UNDECLARED_SELECTOR = YES;
				GCC_WARN_UNINITIALIZED_AUTOS = YES_AGGRESSIVE;
				GCC_WARN_UNUSED_FUNCTION = YES;
				GCC_WARN_UNUSED_VARIABLE = YES;
				LOCALIZATION_PREFERS_STRING_CATALOGS = YES;
				MTL_ENABLE_DEBUG_INFO = NO;
				MTL_FAST_MATH = YES;
				SWIFT_COMPILATION_MODE = wholemodule;
			};
			name = Release;
		};
		259764432BF96886009D2B7E /* Debug */ = {
			isa = XCBuildConfiguration;
			buildSettings = {
				ASSETCATALOG_COMPILER_APPICON_NAME = AppIcon;
				ASSETCATALOG_COMPILER_GLOBAL_ACCENT_COLOR_NAME = AccentColor;
				CODE_SIGN_ENTITLEMENTS = module7/module7.entitlements;
				CODE_SIGN_STYLE = Automatic;
				CURRENT_PROJECT_VERSION = 1;
				DEVELOPMENT_ASSET_PATHS = "\"module7/Preview Content\"";
				ENABLE_PREVIEWS = YES;
				GENERATE_INFOPLIST_FILE = YES;
				"INFOPLIST_KEY_UIApplicationSceneManifest_Generation[sdk=iphoneos*]" = YES;
				"INFOPLIST_KEY_UIApplicationSceneManifest_Generation[sdk=iphonesimulator*]" = YES;
				"INFOPLIST_KEY_UIApplicationSupportsIndirectInputEvents[sdk=iphoneos*]" = YES;
				"INFOPLIST_KEY_UIApplicationSupportsIndirectInputEvents[sdk=iphonesimulator*]" = YES;
				"INFOPLIST_KEY_UILaunchScreen_Generation[sdk=iphoneos*]" = YES;
				"INFOPLIST_KEY_UILaunchScreen_Generation[sdk=iphonesimulator*]" = YES;
				"INFOPLIST_KEY_UIStatusBarStyle[sdk=iphoneos*]" = UIStatusBarStyleDefault;
				"INFOPLIST_KEY_UIStatusBarStyle[sdk=iphonesimulator*]" = UIStatusBarStyleDefault;
				INFOPLIST_KEY_UISupportedInterfaceOrientations_iPad = "UIInterfaceOrientationPortrait UIInterfaceOrientationPortraitUpsideDown UIInterfaceOrientationLandscapeLeft UIInterfaceOrientationLandscapeRight";
				INFOPLIST_KEY_UISupportedInterfaceOrientations_iPhone = "UIInterfaceOrientationPortrait UIInterfaceOrientationLandscapeLeft UIInterfaceOrientationLandscapeRight";
				IPHONEOS_DEPLOYMENT_TARGET = 17.4;
				LD_RUNPATH_SEARCH_PATHS = "@executable_path/Frameworks";
				"LD_RUNPATH_SEARCH_PATHS[sdk=macosx*]" = "@executable_path/../Frameworks";
				MACOSX_DEPLOYMENT_TARGET = 14.0;
				MARKETING_VERSION = 1.0;
				PRODUCT_BUNDLE_IDENTIFIER = com.switchlight.module7;
				PRODUCT_NAME = "$(TARGET_NAME)";
				SDKROOT = auto;
				SUPPORTED_PLATFORMS = "iphoneos iphonesimulator macosx";
				SWIFT_EMIT_LOC_STRINGS = YES;
				SWIFT_VERSION = 5.0;
				TARGETED_DEVICE_FAMILY = "1,2";
			};
			name = Debug;
		};
		259764442BF96886009D2B7E /* Release */ = {
			isa = XCBuildConfiguration;
			buildSettings = {
				ASSETCATALOG_COMPILER_APPICON_NAME = AppIcon;
				ASSETCATALOG_COMPILER_GLOBAL_ACCENT_COLOR_NAME = AccentColor;
				CODE_SIGN_ENTITLEMENTS = module7/module7.entitlements;
				CODE_SIGN_STYLE = Automatic;
				CURRENT_PROJECT_VERSION = 1;
				DEVELOPMENT_ASSET_PATHS = "\"module7/Preview Content\"";
				ENABLE_PREVIEWS = YES;
				GENERATE_INFOPLIST_FILE = YES;
				"INFOPLIST_KEY_UIApplicationSceneManifest_Generation[sdk=iphoneos*]" = YES;
				"INFOPLIST_KEY_UIApplicationSceneManifest_Generation[sdk=iphonesimulator*]" = YES;
				"INFOPLIST_KEY_UIApplicationSupportsIndirectInputEvents[sdk=iphoneos*]" = YES;
				"INFOPLIST_KEY_UIApplicationSupportsIndirectInputEvents[sdk=iphonesimulator*]" = YES;
				"INFOPLIST_KEY_UILaunchScreen_Generation[sdk=iphoneos*]" = YES;
				"INFOPLIST_KEY_UILaunchScreen_Generation[sdk=iphonesimulator*]" = YES;
				"INFOPLIST_KEY_UIStatusBarStyle[sdk=iphoneos*]" = UIStatusBarStyleDefault;
				"INFOPLIST_KEY_UIStatusBarStyle[sdk=iphonesimulator*]" = UIStatusBarStyleDefault;
				INFOPLIST_KEY_UISupportedInterfaceOrientations_iPad = "UIInterfaceOrientationPortrait UIInterfaceOrientationPortraitUpsideDown UIInterfaceOrientationLandscapeLeft UIInterfaceOrientationLandscapeRight";
				INFOPLIST_KEY_UISupportedInterfaceOrientations_iPhone = "UIInterfaceOrientationPortrait UIInterfaceOrientationLandscapeLeft UIInterfaceOrientationLandscapeRight";
				IPHONEOS_DEPLOYMENT_TARGET = 17.4;
				LD_RUNPATH_SEARCH_PATHS = "@executable_path/Frameworks";
				"LD_RUNPATH_SEARCH_PATHS[sdk=macosx*]" = "@executable_path/../Frameworks";
				MACOSX_DEPLOYMENT_TARGET = 14.0;
				MARKETING_VERSION = 1.0;
				PRODUCT_BUNDLE_IDENTIFIER = com.switchlight.module7;
				PRODUCT_NAME = "$(TARGET_NAME)";
				SDKROOT = auto;
				SUPPORTED_PLATFORMS = "iphoneos iphonesimulator macosx";
				SWIFT_EMIT_LOC_STRINGS = YES;
				SWIFT_VERSION = 5.0;
				TARGETED_DEVICE_FAMILY = "1,2";
			};
			name = Release;
		};
		259764462BF96886009D2B7E /* Debug */ = {
			isa = XCBuildConfiguration;
			buildSettings = {
				ALWAYS_EMBED_SWIFT_STANDARD_LIBRARIES = YES;
				BUNDLE_LOADER = "$(TEST_HOST)";
				CODE_SIGN_STYLE = Automatic;
				CURRENT_PROJECT_VERSION = 1;
				GENERATE_INFOPLIST_FILE = YES;
				IPHONEOS_DEPLOYMENT_TARGET = 17.4;
				MACOSX_DEPLOYMENT_TARGET = 14.4;
				MARKETING_VERSION = 1.0;
				PRODUCT_BUNDLE_IDENTIFIER = com.switchlight.module7Tests;
				PRODUCT_NAME = "$(TARGET_NAME)";
				SDKROOT = auto;
				SUPPORTED_PLATFORMS = "iphoneos iphonesimulator macosx";
				SWIFT_EMIT_LOC_STRINGS = NO;
				SWIFT_VERSION = 5.0;
				TARGETED_DEVICE_FAMILY = "1,2";
				TEST_HOST = "$(BUILT_PRODUCTS_DIR)/module7.app/$(BUNDLE_EXECUTABLE_FOLDER_PATH)/module7";
			};
			name = Debug;
		};
		259764472BF96886009D2B7E /* Release */ = {
			isa = XCBuildConfiguration;
			buildSettings = {
				ALWAYS_EMBED_SWIFT_STANDARD_LIBRARIES = YES;
				BUNDLE_LOADER = "$(TEST_HOST)";
				CODE_SIGN_STYLE = Automatic;
				CURRENT_PROJECT_VERSION = 1;
				GENERATE_INFOPLIST_FILE = YES;
				IPHONEOS_DEPLOYMENT_TARGET = 17.4;
				MACOSX_DEPLOYMENT_TARGET = 14.4;
				MARKETING_VERSION = 1.0;
				PRODUCT_BUNDLE_IDENTIFIER = com.switchlight.module7Tests;
				PRODUCT_NAME = "$(TARGET_NAME)";
				SDKROOT = auto;
				SUPPORTED_PLATFORMS = "iphoneos iphonesimulator macosx";
				SWIFT_EMIT_LOC_STRINGS = NO;
				SWIFT_VERSION = 5.0;
				TARGETED_DEVICE_FAMILY = "1,2";
				TEST_HOST = "$(BUILT_PRODUCTS_DIR)/module7.app/$(BUNDLE_EXECUTABLE_FOLDER_PATH)/module7";
			};
			name = Release;
		};
		259764492BF96886009D2B7E /* Debug */ = {
			isa = XCBuildConfiguration;
			buildSettings = {
				ALWAYS_EMBED_SWIFT_STANDARD_LIBRARIES = YES;
				CODE_SIGN_STYLE = Automatic;
				CURRENT_PROJECT_VERSION = 1;
				GENERATE_INFOPLIST_FILE = YES;
				IPHONEOS_DEPLOYMENT_TARGET = 17.4;
				MACOSX_DEPLOYMENT_TARGET = 14.4;
				MARKETING_VERSION = 1.0;
				PRODUCT_BUNDLE_IDENTIFIER = com.switchlight.module7UITests;
				PRODUCT_NAME = "$(TARGET_NAME)";
				SDKROOT = auto;
				SUPPORTED_PLATFORMS = "iphoneos iphonesimulator macosx";
				SWIFT_EMIT_LOC_STRINGS = NO;
				SWIFT_VERSION = 5.0;
				TARGETED_DEVICE_FAMILY = "1,2";
				TEST_TARGET_NAME = module7;
			};
			name = Debug;
		};
		2597644A2BF96886009D2B7E /* Release */ = {
			isa = XCBuildConfiguration;
			buildSettings = {
				ALWAYS_EMBED_SWIFT_STANDARD_LIBRARIES = YES;
				CODE_SIGN_STYLE = Automatic;
				CURRENT_PROJECT_VERSION = 1;
				GENERATE_INFOPLIST_FILE = YES;
				IPHONEOS_DEPLOYMENT_TARGET = 17.4;
				MACOSX_DEPLOYMENT_TARGET = 14.4;
				MARKETING_VERSION = 1.0;
				PRODUCT_BUNDLE_IDENTIFIER = com.switchlight.module7UITests;
				PRODUCT_NAME = "$(TARGET_NAME)";
				SDKROOT = auto;
				SUPPORTED_PLATFORMS = "iphoneos iphonesimulator macosx";
				SWIFT_EMIT_LOC_STRINGS = NO;
				SWIFT_VERSION = 5.0;
				TARGETED_DEVICE_FAMILY = "1,2";
				TEST_TARGET_NAME = module7;
			};
			name = Release;
		};
/* End XCBuildConfiguration section */

/* Begin XCConfigurationList section */
		259764162BF96884009D2B7E /* Build configuration list for PBXProject "module7" */ = {
			isa = XCConfigurationList;
			buildConfigurations = (
				259764402BF96886009D2B7E /* Debug */,
				259764412BF96886009D2B7E /* Release */,
			);
			defaultConfigurationIsVisible = 0;
			defaultConfigurationName = Release;
		};
		259764422BF96886009D2B7E /* Build configuration list for PBXNativeTarget "module7" */ = {
			isa = XCConfigurationList;
			buildConfigurations = (
				259764432BF96886009D2B7E /* Debug */,
				259764442BF96886009D2B7E /* Release */,
			);
			defaultConfigurationIsVisible = 0;
			defaultConfigurationName = Release;
		};
		259764452BF96886009D2B7E /* Build configuration list for PBXNativeTarget "module7Tests" */ = {
			isa = XCConfigurationList;
			buildConfigurations = (
				259764462BF96886009D2B7E /* Debug */,
				259764472BF96886009D2B7E /* Release */,
			);
			defaultConfigurationIsVisible = 0;
			defaultConfigurationName = Release;
		};
		259764482BF96886009D2B7E /* Build configuration list for PBXNativeTarget "module7UITests" */ = {
			isa = XCConfigurationList;
			buildConfigurations = (
				259764492BF96886009D2B7E /* Debug */,
				2597644A2BF96886009D2B7E /* Release */,
			);
			defaultConfigurationIsVisible = 0;
			defaultConfigurationName = Release;
		};
/* End XCConfigurationList section */
	};
	rootObject = 259764132BF96884009D2B7E /* Project object */;
}
